# THIS IS AN AUTOGENERATED FILE. DO NOT EDIT THIS FILE DIRECTLY.
# yarn lockfile v1


"@babel/helper-module-imports@^7.0.0":
  "integrity" "sha512-R0Bx3jippsbAEtzkpZ/6FIiuzOURPcMjHp+Z6xPe6DtApDJx+w7UYyOLanZqO8+wKR9G10s/FmHXvxaMd9s6Kg=="
  "resolved" "https://registry.npmjs.org/@babel/helper-module-imports/-/helper-module-imports-7.8.3.tgz"
  "version" "7.8.3"
  dependencies:
    "@babel/types" "^7.8.3"

"@babel/runtime@^7.0.0":
  "integrity" "sha512-fVHx1rzEmwB130VTkLnxR+HmxcTjGzH12LYQcFFoBwakMd3aOMD4OsRN7tGG/UOYE2ektgFrS8uACAoRk1CY0w=="
  "resolved" "https://registry.npmjs.org/@babel/runtime/-/runtime-7.8.3.tgz"
  "version" "7.8.3"
  dependencies:
    "regenerator-runtime" "^0.13.2"

"@babel/types@^7.8.3":
  "integrity" "sha512-jBD+G8+LWpMBBWvVcdr4QysjUE4mU/syrhN17o1u3gx0/WzJB1kwiVZAXRtWbsIPOwW8pF/YJV5+nmetPzepXg=="
  "resolved" "https://registry.npmjs.org/@babel/types/-/types-7.8.3.tgz"
  "version" "7.8.3"
  dependencies:
    "esutils" "^2.0.2"
    "lodash" "^4.17.13"
    "to-fast-properties" "^2.0.0"

"@hapi/address@^2.1.2":
  "integrity" "sha512-QD1PhQk+s31P1ixsX0H0Suoupp3VMXzIVMSwobR3F3MSUO2YCV0B7xqLcUw/Bh8yuvd3LhpyqLQWTNcRmp6IdQ=="
  "resolved" "https://registry.npmjs.org/@hapi/address/-/address-2.1.4.tgz"
  "version" "2.1.4"

"@hapi/formula@^1.2.0":
  "integrity" "sha512-UFbtbGPjstz0eWHb+ga/GM3Z9EzqKXFWIbSOFURU0A/Gku0Bky4bCk9/h//K2Xr3IrCfjFNhMm4jyZ5dbCewGA=="
  "resolved" "https://registry.npmjs.org/@hapi/formula/-/formula-1.2.0.tgz"
  "version" "1.2.0"

"@hapi/hoek@^8.2.4", "@hapi/hoek@^8.3.0":
  "integrity" "sha512-7XYT10CZfPsH7j9F1Jmg1+d0ezOux2oM2GfArAzLwWe4mE2Dr3hVjsAL6+TFY49RRJlCdJDMw3nJsLFroTc8Kw=="
  "resolved" "https://registry.npmjs.org/@hapi/hoek/-/hoek-8.5.0.tgz"
  "version" "8.5.0"

"@hapi/joi@^16.1.4":
  "integrity" "sha512-wAsVvTPe+FwSrsAurNt5vkg3zo+TblvC5Bb1zMVK6SJzZqw9UrJnexxR+76cpePmtUZKHAPxcQ2Bf7oVHyahhg=="
  "resolved" "https://registry.npmjs.org/@hapi/joi/-/joi-16.1.8.tgz"
  "version" "16.1.8"
  dependencies:
    "@hapi/address" "^2.1.2"
    "@hapi/formula" "^1.2.0"
    "@hapi/hoek" "^8.2.4"
    "@hapi/pinpoint" "^1.0.2"
    "@hapi/topo" "^3.1.3"

"@hapi/pinpoint@^1.0.2":
  "integrity" "sha512-dtXC/WkZBfC5vxscazuiJ6iq4j9oNx1SHknmIr8hofarpKUZKmlUVYVIhNVzIEgK5Wrc4GMHL5lZtt1uS2flmQ=="
  "resolved" "https://registry.npmjs.org/@hapi/pinpoint/-/pinpoint-1.0.2.tgz"
  "version" "1.0.2"

"@hapi/topo@^3.1.3":
  "integrity" "sha512-tAag0jEcjwH+P2quUfipd7liWCNX2F8NvYjQp2wtInsZxnMlypdw0FtAOLxtvvkO+GSRRbmNi8m/5y42PQJYCQ=="
  "resolved" "https://registry.npmjs.org/@hapi/topo/-/topo-3.1.6.tgz"
  "version" "3.1.6"
  dependencies:
    "@hapi/hoek" "^8.3.0"

"@next/env@12.3.0":
  "integrity" "sha512-PTJpjAFVbzBQ9xXpzMTroShvD5YDIIy46jQ7d4LrWpY+/5a8H90Tm8hE3Hvkc5RBRspVo7kvEOnqQms0A+2Q6w=="
  "resolved" "https://registry.npmjs.org/@next/env/-/env-12.3.0.tgz"
  "version" "12.3.0"

"@next/swc-win32-x64-msvc@12.3.0":
  "integrity" "sha512-C/nw6OgQpEULWqs+wgMHXGvlJLguPRFFGqR2TAqWBerQ8J+Sg3z1ZTqwelkSi4FoqStGuZ2UdFHIDN1ySmR1xA=="
  "resolved" "https://registry.npmjs.org/@next/swc-win32-x64-msvc/-/swc-win32-x64-msvc-12.3.0.tgz"
  "version" "12.3.0"

"@swc/helpers@0.4.11":
  "integrity" "sha512-rEUrBSGIoSFuYxwBYtlUFMlE2CwGhmW+w9355/5oduSw8e5h2+Tj4UrAGNNgP9915++wj5vkQo0UuOBqOAq4nw=="
  "resolved" "https://registry.npmjs.org/@swc/helpers/-/helpers-0.4.11.tgz"
  "version" "0.4.11"
  dependencies:
    "tslib" "^2.4.0"

"@types/node@^18.7.18":
  "integrity" "sha512-m+6nTEOadJZuTPkKR/SYK3A2d7FZrgElol9UP1Kae90VVU4a6mxnPuLiIW1m4Cq4gZ/nWb9GrdVXJCoCazDAbg=="
  "resolved" "https://registry.npmjs.org/@types/node/-/node-18.7.18.tgz"
  "version" "18.7.18"

"@types/prop-types@*":
  "integrity" "sha512-JCB8C6SnDoQf0cNycqd/35A7MjcnK+ZTqE7judS6o7utxUCg6imJg3QK2qzHKszlTjcj2cn+NwMB2i96ubpj7w=="
  "resolved" "https://registry.npmjs.org/@types/prop-types/-/prop-types-15.7.5.tgz"
  "version" "15.7.5"

"@types/react@^18.0.20":
  "integrity" "sha512-MWul1teSPxujEHVwZl4a5HxQ9vVNsjTchVA+xRqv/VYGCuKGAU6UhfrTdF5aBefwD1BHUD8i/zq+O/vyCm/FrA=="
  "resolved" "https://registry.npmjs.org/@types/react/-/react-18.0.20.tgz"
  "version" "18.0.20"
  dependencies:
    "@types/prop-types" "*"
    "@types/scheduler" "*"
    "csstype" "^3.0.2"

"@types/scheduler@*":
  "integrity" "sha512-hppQEBDmlwhFAXKJX2KnWLYu5yMfi91yazPb2l+lbJiwW+wdo1gNeRA+3RgNSO39WYX2euey41KEwnqesU2Jew=="
  "resolved" "https://registry.npmjs.org/@types/scheduler/-/scheduler-0.16.2.tgz"
  "version" "0.16.2"

"add-to-calendar-button@^1.15.3":
  "integrity" "sha512-FHNxEjDPZa3eH1NI/8S/duvjmJQvps8MwYfp2WXPA8tj5oqEIbIvWDST8FBwzqj9dBhpWirJAdsQUe21zbA2lw=="
  "resolved" "https://registry.npmjs.org/add-to-calendar-button/-/add-to-calendar-button-1.15.3.tgz"
  "version" "1.15.3"
  dependencies:
    "timezones-ical-library" "^1.2.1"

"babel-plugin-import@^1.13.0":
  "integrity" "sha512-bHU8m0SrY89ub2hBBuYjbennOeH0YUYkVpH6jxKFk0uD8rhN+0jNHIPtXnac+Vn7N/hgkLGGDcIoYK7je3Hhew=="
  "resolved" "https://registry.npmjs.org/babel-plugin-import/-/babel-plugin-import-1.13.0.tgz"
  "version" "1.13.0"
  dependencies:
    "@babel/helper-module-imports" "^7.0.0"
    "@babel/runtime" "^7.0.0"

"babel-plugin-module-resolver@^4.0.0":
  "integrity" "sha512-3pdEq3PXALilSJ6dnC4wMWr0AZixHRM4utpdpBR9g5QG7B7JwWyukQv7a9hVxkbGFl+nQbrHDqqQOIBtTXTP/Q=="
  "resolved" "https://registry.npmjs.org/babel-plugin-module-resolver/-/babel-plugin-module-resolver-4.0.0.tgz"
  "version" "4.0.0"
  dependencies:
    "find-babel-config" "^1.2.0"
    "glob" "^7.1.6"
    "pkg-up" "^3.1.0"
    "reselect" "^4.0.0"
    "resolve" "^1.13.1"

"balanced-match@^1.0.0":
  "integrity" "sha1-ibTRmasr7kneFk6gK4nORi1xt2c= sha512-9Y0g0Q8rmSt+H33DfKv7FOc3v+iRI+o1lbzt8jGcIosYW37IIW/2XVYq5NPdmaD5NQ59Nk26Kl/vZbwW9Fr8vg=="
  "resolved" "https://registry.npmjs.org/balanced-match/-/balanced-match-1.0.0.tgz"
  "version" "1.0.0"

"brace-expansion@^1.1.7":
  "integrity" "sha512-iCuPHDFgrHX7H2vEI/5xpz07zSHB00TpugqhmYtVmMO6518mCuRMoOYFldEBl0g187ufozdaHgWKcYFb61qGiA=="
  "resolved" "https://registry.npmjs.org/brace-expansion/-/brace-expansion-1.1.11.tgz"
  "version" "1.1.11"
  dependencies:
    "balanced-match" "^1.0.0"
    "concat-map" "0.0.1"

"buffer-alloc-unsafe@^1.1.0":
  "integrity" "sha512-TEM2iMIEQdJ2yjPJoSIsldnleVaAk1oW3DBVUykyOLsEsFmEc9kn+SFFPz+gl54KQNxlDnAwCXosOS9Okx2xAg=="
  "resolved" "https://registry.npmjs.org/buffer-alloc-unsafe/-/buffer-alloc-unsafe-1.1.0.tgz"
  "version" "1.1.0"

"buffer-alloc@^1.1.0":
  "integrity" "sha512-CFsHQgjtW1UChdXgbyJGtnm+O/uLQeZdtbDo8mfUgYXCHSM1wgrVxXm6bSyrUuErEb+4sYVGCzASBRot7zyrow=="
  "resolved" "https://registry.npmjs.org/buffer-alloc/-/buffer-alloc-1.2.0.tgz"
  "version" "1.2.0"
  dependencies:
    "buffer-alloc-unsafe" "^1.1.0"
    "buffer-fill" "^1.0.0"

"buffer-fill@^1.0.0":
  "integrity" "sha1-+PeLdniYiO858gXNY39o5wISKyw= sha512-T7zexNBwiiaCOGDg9xNX9PBmjrubblRkENuptryuI64URkXDFum9il/JGL8Lm8wYfAXpredVXXZz7eMHilimiQ=="
  "resolved" "https://registry.npmjs.org/buffer-fill/-/buffer-fill-1.0.0.tgz"
  "version" "1.0.0"

"buffer-from@^1.0.0":
  "integrity" "sha512-MQcXEUbCKtEo7bhqEs6560Hyd4XaovZlO/k9V3hjVUF/zwW7KBVdSK4gIt/bzwS9MbR5qob+F5jusZsb0YQK2A=="
  "resolved" "https://registry.npmjs.org/buffer-from/-/buffer-from-1.1.1.tgz"
  "version" "1.1.1"

"caniuse-lite@^1.0.30001332":
  "integrity" "sha512-4vQ90tMKS+FkvuVWS5/QY1+d805ODxZiKFzsU8o/RsVJz49ZSRR8EjykLJbqhzdPgadbX6wB538wOzle3JniRA=="
  "resolved" "https://registry.npmjs.org/caniuse-lite/-/caniuse-lite-1.0.30001399.tgz"
  "version" "1.0.30001399"

"concat-map@0.0.1":
  "integrity" "sha1-2Klr13/Wjfd5OnMDajug1UBdR3s= sha512-/Srv4dswyQNBfohGpz9o6Yb3Gz3SrUDqBH5rTuhGR7ahtlbYKnVxw2bCFMRljaA7EXHaXZ8wsHdodFvbkhKmqg=="
  "resolved" "https://registry.npmjs.org/concat-map/-/concat-map-0.0.1.tgz"
  "version" "0.0.1"

"core-util-is@~1.0.0":
  "integrity" "sha1-tf1UIgqivFq1eqtxQMlAdUUDwac= sha512-3lqz5YjWTYnW6dlDa5TLaTCcShfar1e40rmcJVwCBJC6mWlFuj0eCHIElmG1g5kyuJ/GD+8Wn4FFCcz4gJPfaQ=="
  "resolved" "https://registry.npmjs.org/core-util-is/-/core-util-is-1.0.2.tgz"
  "version" "1.0.2"

"cross-env@^5.1.1":
  "integrity" "sha512-1yHhtcfAd1r4nwQgknowuUNfIT9E8dOMMspC36g45dN+iD1blloi7xp8X/xAIDnjHWyt1uQ8PHk2fkNaym7soQ=="
  "resolved" "https://registry.npmjs.org/cross-env/-/cross-env-5.2.1.tgz"
  "version" "5.2.1"
  dependencies:
    "cross-spawn" "^6.0.5"

"cross-spawn@^6.0.5":
  "integrity" "sha512-eTVLrBSt7fjbDygz805pMnstIs2VTBNkRm0qxZd+M7A5XDdxVRWO5MxGBXZhjY4cqLYLdtrGqRf8mBPmzwSpWQ=="
  "resolved" "https://registry.npmjs.org/cross-spawn/-/cross-spawn-6.0.5.tgz"
  "version" "6.0.5"
  dependencies:
    "nice-try" "^1.0.4"
    "path-key" "^2.0.1"
    "semver" "^5.5.0"
    "shebang-command" "^1.2.0"
    "which" "^1.2.9"

"csstype@^3.0.2":
  "integrity" "sha512-DJR/VvkAvSZW9bTouZue2sSxDwdTN92uHjqeKVm+0dAqdfNykRzQ95tay8aXMBAAPpUiq4Qcug2L7neoRh2Egw=="
  "resolved" "https://registry.npmjs.org/csstype/-/csstype-3.1.1.tgz"
  "version" "3.1.1"

"csv-parser@^2.3.2":
  "integrity" "sha512-ggurTYuhhoUJyrPXTAkiO1x6QXkxAoimV+YSz2eSAXF+jQ/Xve/030T34tVStKFmX56pPtY5PiZl3bR4HkZK+Q=="
  "resolved" "https://registry.npmjs.org/csv-parser/-/csv-parser-2.3.2.tgz"
  "version" "2.3.2"
  dependencies:
    "@hapi/joi" "^16.1.4"
    "buffer-alloc" "^1.1.0"
    "buffer-from" "^1.0.0"
    "generate-object-property" "^1.0.0"
    "minimist" "^1.2.0"
    "ndjson" "^1.4.0"

"esutils@^2.0.2":
  "integrity" "sha512-kVscqXk4OCp68SZ0dkgEKVi6/8ij300KBWTJq32P/dYeWTSwK41WyTxalN1eRmA5Z9UU/LX9D7FWSmV9SAYx6g=="
  "resolved" "https://registry.npmjs.org/esutils/-/esutils-2.0.3.tgz"
  "version" "2.0.3"

"fast-deep-equal@2.0.1":
  "integrity" "sha1-ewUhjd+WZ79/Nwv3/bLLFf3Qqkk= sha512-bCK/2Z4zLidyB4ReuIsvALH6w31YfAQDmXMqMx6FyfHqvBxtjC0eRumeSu4Bs3XtXwpyIywtSTrVT99BxY1f9w=="
  "resolved" "https://registry.npmjs.org/fast-deep-equal/-/fast-deep-equal-2.0.1.tgz"
  "version" "2.0.1"

"find-babel-config@^1.2.0":
  "integrity" "sha512-jB2CHJeqy6a820ssiqwrKMeyC6nNdmrcgkKWJWmpoxpE8RKciYJXCcXRq1h2AzCo5I5BJeN2tkGEO3hLTuePRA=="
  "resolved" "https://registry.npmjs.org/find-babel-config/-/find-babel-config-1.2.0.tgz"
  "version" "1.2.0"
  dependencies:
    "json5" "^0.5.1"
    "path-exists" "^3.0.0"

"find-up@^3.0.0":
  "integrity" "sha512-1yD6RmLI1XBfxugvORwlck6f75tYL+iR0jqwsOrOxMZyGYqUuDhJ0l4AXdO1iX/FTs9cBAMEk1gWSEx1kSbylg=="
  "resolved" "https://registry.npmjs.org/find-up/-/find-up-3.0.0.tgz"
  "version" "3.0.0"
  dependencies:
    "locate-path" "^3.0.0"

"fs.realpath@^1.0.0":
  "integrity" "sha1-FQStJSMVjKpA20onh8sBQRmU6k8= sha512-OO0pH2lK6a0hZnAdau5ItzHPI6pUlvI7jMVnxUQRtw4owF2wk8lOSabtGDCTP4Ggrg2MbGnWO9X8K1t4+fGMDw=="
  "resolved" "https://registry.npmjs.org/fs.realpath/-/fs.realpath-1.0.0.tgz"
  "version" "1.0.0"

"generate-object-property@^1.0.0":
  "integrity" "sha1-nA4cQDCM6AT0eDYYuTf6iPmdUNA= sha512-TuOwZWgJ2VAMEGJvAyPWvpqxSANF0LDpmyHauMjFYzaACvn+QTT/AZomvPCzVBV7yDN3OmwHQ5OvHaeLKre3JQ=="
  "resolved" "https://registry.npmjs.org/generate-object-property/-/generate-object-property-1.2.0.tgz"
  "version" "1.2.0"
  dependencies:
    "is-property" "^1.0.0"

"gensync@^1.0.0-beta.1":
  "integrity" "sha512-r8EC6NO1sngH/zdD9fiRDLdcgnbayXah+mLgManTaIZJqEC1MZstmnox8KpnI2/fxQwrp5OpCOYWLp4rBl4Jcg=="
  "resolved" "https://registry.npmjs.org/gensync/-/gensync-1.0.0-beta.1.tgz"
  "version" "1.0.0-beta.1"

"glob@^7.1.6":
  "integrity" "sha512-LwaxwyZ72Lk7vZINtNNrywX0ZuLyStrdDtabefZKAY5ZGJhVtgdznluResxNmPitE0SAO+O26sWTHeKSI2wMBA=="
  "resolved" "https://registry.npmjs.org/glob/-/glob-7.1.6.tgz"
  "version" "7.1.6"
  dependencies:
    "fs.realpath" "^1.0.0"
    "inflight" "^1.0.4"
    "inherits" "2"
    "minimatch" "^3.0.4"
    "once" "^1.3.0"
    "path-is-absolute" "^1.0.0"

"i18n-js@^3.5.1":
  "integrity" "sha512-nJgbE5Vj9qzOQfjdVd/uoMoO8ppVaB/3LB6KOmMfD8IQ1vNNh307iHyQLK8ZnLYWkAszfPvVpYmUt1Le/RuHMQ=="
  "resolved" "https://registry.npmjs.org/i18n-js/-/i18n-js-3.5.1.tgz"
  "version" "3.5.1"

"inflight@^1.0.4":
  "integrity" "sha1-Sb1jMdfQLQwJvJEKEHW6gWW1bfk= sha512-k92I/b08q4wvFscXCLvqfsHCrjrF7yiXsQuIVvVE7N82W3+aqpzuUdBbfhWcy/FZR3/4IgflMgKLOsvPDrGCJA=="
  "resolved" "https://registry.npmjs.org/inflight/-/inflight-1.0.6.tgz"
  "version" "1.0.6"
  dependencies:
    "once" "^1.3.0"
    "wrappy" "1"

"inherits@~2.0.3", "inherits@2":
  "integrity" "sha512-k/vGaX4/Yla3WzyMCvTQOXYeIHvqOKtnqBduzTHpzpQZzAskKMhZ2K+EnBiSM9zGSoIFeMpXKxa4dYeZIQqewQ=="
  "resolved" "https://registry.npmjs.org/inherits/-/inherits-2.0.4.tgz"
  "version" "2.0.4"

"is-property@^1.0.0":
  "integrity" "sha1-V/4cTkhHTt1lsJkR8msc1Ald2oQ= sha512-Ks/IoX00TtClbGQr4TWXemAnktAQvYB7HzcCxDGqEZU6oCmb2INHuOoKxbtR+HFkmYWBKv/dOZtGRiAjDhj92g=="
  "resolved" "https://registry.npmjs.org/is-property/-/is-property-1.0.2.tgz"
  "version" "1.0.2"

"isarray@~1.0.0":
  "integrity" "sha1-u5NdSFgsuhaMBoNJV6VKPgcSTxE= sha512-VLghIWNM6ELQzo7zwmcg0NmTVyWKYjvIeM83yjp0wRDTmUnrM678fQbcKBo6n2CJEF0szoG//ytg+TKla89ALQ=="
  "resolved" "https://registry.npmjs.org/isarray/-/isarray-1.0.0.tgz"
  "version" "1.0.0"

"isexe@^2.0.0":
  "integrity" "sha1-6PvzdNxVb/iUehDcsFctYz8s+hA= sha512-RHxMLp9lnKHGHRng9QFhRCMbYAcVpn69smSGcq3f36xjgVVWThj4qqLbTLlq7Ssj8B+fIQ1EuCEGI2lKsyQeIw=="
  "resolved" "https://registry.npmjs.org/isexe/-/isexe-2.0.0.tgz"
  "version" "2.0.0"

"js-tokens@^3.0.0 || ^4.0.0":
  "integrity" "sha512-RdJUflcE3cUzKiMqQgsCu06FPu9UdIJO0beYbPhHN4k6apgJtifcoCtT9bcxOpYBtpD2kCM6Sbzg4CausW/PKQ=="
  "resolved" "https://registry.npmjs.org/js-tokens/-/js-tokens-4.0.0.tgz"
  "version" "4.0.0"

"json-stringify-safe@^5.0.1":
  "integrity" "sha1-Epai1Y/UXxmg9s4B1lcB4sc1tus= sha512-ZClg6AaYvamvYEE82d3Iyd3vSSIjQ+odgjaTzRuO3s7toCdFKczob2i0zCh7JE8kWn17yvAWhUVxvqGwUalsRA=="
  "resolved" "https://registry.npmjs.org/json-stringify-safe/-/json-stringify-safe-5.0.1.tgz"
  "version" "5.0.1"

"json5@^0.5.1":
  "integrity" "sha1-Hq3nrMASA0rYTiOWdn6tn6VJWCE= sha512-4xrs1aW+6N5DalkqSVA8fxh458CXvR99WU8WLKmq4v8eWAL86Xo3BVqyd3SkA9wEVjCMqyvvRRkshAdOnBp5rw=="
  "resolved" "https://registry.npmjs.org/json5/-/json5-0.5.1.tgz"
  "version" "0.5.1"

"jsqr@^1.2.0":
  "integrity" "sha512-wKcQS9QC2VHGk7aphWCp1RrFyC0CM6fMgC5prZZ2KV/Lk6OKNoCod9IR6bao+yx3KPY0gZFC5dc+h+KFzCI0Wg=="
  "resolved" "https://registry.npmjs.org/jsqr/-/jsqr-1.2.0.tgz"
  "version" "1.2.0"

"locate-path@^3.0.0":
  "integrity" "sha512-7AO748wWnIhNqAuaty2ZWHkQHRSNfPVIsPIfwEOWO22AmaoVrWavlOcMR5nzTLNYvp36X220/maaRsrec1G65A=="
  "resolved" "https://registry.npmjs.org/locate-path/-/locate-path-3.0.0.tgz"
  "version" "3.0.0"
  dependencies:
    "p-locate" "^3.0.0"
    "path-exists" "^3.0.0"

"lodash@^4.17.13":
  "integrity" "sha512-8xOcRHvCjnocdS5cpwXQXVzmmh5e5+saE2QGoeQmbKmRS6J3VQppPOIt0MnmE+4xlZoumy0GPG0D0MVIQbNA1A=="
  "resolved" "https://registry.npmjs.org/lodash/-/lodash-4.17.15.tgz"
  "version" "4.17.15"

"loose-envify@^1.1.0", "loose-envify@^1.4.0":
  "integrity" "sha512-lyuxPGr/Wfhrlem2CL/UcnUc1zcqKAImBDzukY7Y5F/yQiNdko6+fRLevlw1HgMySw7f611UIY408EtxRSoK3Q=="
  "resolved" "https://registry.npmjs.org/loose-envify/-/loose-envify-1.4.0.tgz"
  "version" "1.4.0"
  dependencies:
    "js-tokens" "^3.0.0 || ^4.0.0"

"minimatch@^3.0.4":
  "integrity" "sha512-yJHVQEhyqPLUTgt9B83PXu6W3rx4MvvHvSUvToogpwoGDOUQ+yDrR0HRot+yOCdCO7u4hX3pWft6kWBBcqh0UA=="
  "resolved" "https://registry.npmjs.org/minimatch/-/minimatch-3.0.4.tgz"
  "version" "3.0.4"
  dependencies:
    "brace-expansion" "^1.1.7"

"minimist@^1.2.0":
  "integrity" "sha1-o1AIsg9BOD7sH7kU9M1d95omQoQ= sha512-7Wl+Jz+IGWuSdgsQEJ4JunV0si/iMhg42MnQQG6h1R6TNeVenp4U9x5CC5v/gYqz/fENLQITAWXidNtVL0NNbw=="
  "resolved" "https://registry.npmjs.org/minimist/-/minimist-1.2.0.tgz"
  "version" "1.2.0"

"nanoid@^2.1.0":
  "integrity" "sha512-ZPUHBAwrQ+BSwVV2Xh6hBOEStTzAf8LgohOY0kk22lDiDdI32582KjVPYCqgqj7834hTunGzwZOB4me9T6ZcnA=="
  "resolved" "https://registry.npmjs.org/nanoid/-/nanoid-2.1.10.tgz"
  "version" "2.1.10"

"nanoid@^3.3.4":
  "integrity" "sha512-MqBkQh/OHTS2egovRtLk45wEyNXwF+cokD+1YPf9u5VfJiRdAiRwB2froX5Co9Rh20xs4siNPm8naNotSD6RBw=="
  "resolved" "https://registry.npmjs.org/nanoid/-/nanoid-3.3.4.tgz"
  "version" "3.3.4"

"ndjson@^1.4.0":
  "integrity" "sha1-rmA7NrE0vOw0e0UkIrC/mNWDLsg= sha512-hUPLuaziboGjNF7wHngkgVc0FOclR8dDk/HfEvTtDr/iUrqBWiRcRSTK3/nLOqKH33th714BrMmTPtObI9gZxQ=="
  "resolved" "https://registry.npmjs.org/ndjson/-/ndjson-1.5.0.tgz"
  "version" "1.5.0"
  dependencies:
    "json-stringify-safe" "^5.0.1"
    "minimist" "^1.2.0"
    "split2" "^2.1.0"
    "through2" "^2.0.3"

"next@^12.3.0":
  "integrity" "sha512-GpzI6me9V1+XYtfK0Ae9WD0mKqHyzQlGq1xH1rzNIYMASo4Tkl4rTe9jSqtBpXFhOS33KohXs9ZY38Akkhdciw=="
  "resolved" "https://registry.npmjs.org/next/-/next-12.3.0.tgz"
  "version" "12.3.0"
  dependencies:
    "@next/env" "12.3.0"
    "@swc/helpers" "0.4.11"
    "caniuse-lite" "^1.0.30001332"
    "postcss" "8.4.14"
    "styled-jsx" "5.0.6"
    "use-sync-external-store" "1.2.0"
  optionalDependencies:
    "@next/swc-android-arm-eabi" "12.3.0"
    "@next/swc-android-arm64" "12.3.0"
    "@next/swc-darwin-arm64" "12.3.0"
    "@next/swc-darwin-x64" "12.3.0"
    "@next/swc-freebsd-x64" "12.3.0"
    "@next/swc-linux-arm-gnueabihf" "12.3.0"
    "@next/swc-linux-arm64-gnu" "12.3.0"
    "@next/swc-linux-arm64-musl" "12.3.0"
    "@next/swc-linux-x64-gnu" "12.3.0"
    "@next/swc-linux-x64-musl" "12.3.0"
    "@next/swc-win32-arm64-msvc" "12.3.0"
    "@next/swc-win32-ia32-msvc" "12.3.0"
    "@next/swc-win32-x64-msvc" "12.3.0"

"nice-try@^1.0.4":
  "integrity" "sha512-1nh45deeb5olNY7eX82BkPO7SSxR5SSYJiPTrTdFUVYwAl8CKMA5N9PjTYkHiRjisVcxcQ1HXdLhx2qxxJzLNQ=="
  "resolved" "https://registry.npmjs.org/nice-try/-/nice-try-1.0.5.tgz"
  "version" "1.0.5"

"now@^16.7.3":
  "integrity" "sha512-8jtk6dRmrDd8gBJFWA41BNYV/U1YrSdI+PRJKHb/RLBAN6ZUb+AJeIn0moWwyhLSYhoP0X+nCydcHCKjiRSIsA=="
  "resolved" "https://registry.npmjs.org/now/-/now-16.7.3.tgz"
  "version" "16.7.3"

"object-assign@^4.1.1":
  "integrity" "sha1-IQmtx5ZYh8/AXLvUQsrIv7s2CGM= sha512-rJgTQnkUnH1sFw8yT6VSU3zD3sWmu6sZhIseY8VX+GRu3P6F7Fu+JNDoXfklElbLJSnc3FUQHVe4cU5hj+BcUg=="
  "resolved" "https://registry.npmjs.org/object-assign/-/object-assign-4.1.1.tgz"
  "version" "4.1.1"

"once@^1.3.0":
  "integrity" "sha1-WDsap3WWHUsROsF9nFC6753Xa9E= sha512-lNaJgI+2Q5URQBkccEKHTQOPaXdUxnZZElQTZY0MFUAuaEqe1E+Nyvgdz/aIyNi6Z9MzO5dv1H8n58/GELp3+w=="
  "resolved" "https://registry.npmjs.org/once/-/once-1.4.0.tgz"
  "version" "1.4.0"
  dependencies:
    "wrappy" "1"

"p-limit@^2.0.0":
  "integrity" "sha512-WGR+xHecKTr7EbUEhyLSh5Dube9JtdiG78ufaeLxTgpudf/20KqyMioIUZJAezlTIi6evxuoUs9YXc11cU+yzQ=="
  "resolved" "https://registry.npmjs.org/p-limit/-/p-limit-2.2.2.tgz"
  "version" "2.2.2"
  dependencies:
    "p-try" "^2.0.0"

"p-locate@^3.0.0":
  "integrity" "sha512-x+12w/To+4GFfgJhBEpiDcLozRJGegY+Ei7/z0tSLkMmxGZNybVMSfWj9aJn8Z5Fc7dBUNJOOVgPv2H7IwulSQ=="
  "resolved" "https://registry.npmjs.org/p-locate/-/p-locate-3.0.0.tgz"
  "version" "3.0.0"
  dependencies:
    "p-limit" "^2.0.0"

"p-try@^2.0.0":
  "integrity" "sha512-R4nPAVTAU0B9D35/Gk3uJf/7XYbQcyohSKdvAxIRSNghFl4e71hVoGnBNQz9cWaXxO2I10KTC+3jMdvvoKw6dQ=="
  "resolved" "https://registry.npmjs.org/p-try/-/p-try-2.2.0.tgz"
  "version" "2.2.0"

"path-exists@^3.0.0":
  "integrity" "sha1-zg6+ql94yxiSXqfYENe1mwEP1RU= sha512-bpC7GYwiDYQ4wYLe+FA8lhRjhQCMcQGuSgGGqDkg/QerRWw9CmGRT0iSOVRSZJ29NMLZgIzqaljJ63oaL4NIJQ=="
  "resolved" "https://registry.npmjs.org/path-exists/-/path-exists-3.0.0.tgz"
  "version" "3.0.0"

"path-is-absolute@^1.0.0":
  "integrity" "sha1-F0uSaHNVNP+8es5r9TpanhtcX18= sha512-AVbw3UJ2e9bq64vSaS9Am0fje1Pa8pbGqTTsmXfaIiMpnr5DlDhfJOuLj9Sf95ZPVDAUerDfEk88MPmPe7UCQg=="
  "resolved" "https://registry.npmjs.org/path-is-absolute/-/path-is-absolute-1.0.1.tgz"
  "version" "1.0.1"

"path-key@^2.0.1":
  "integrity" "sha1-QRyttXTFoUDTpLGRDUDYDMn0C0A= sha512-fEHGKCSmUSDPv4uoj8AlD+joPlq3peND+HRYyxFz4KPw4z926S/b8rIuFs2FYJg3BwsxJf6A9/3eIdLaYC+9Dw=="
  "resolved" "https://registry.npmjs.org/path-key/-/path-key-2.0.1.tgz"
  "version" "2.0.1"

"path-parse@^1.0.6":
  "integrity" "sha512-GSmOT2EbHrINBf9SR7CDELwlJ8AENk3Qn7OikK4nFYAu3Ote2+JYNVvkpAEQm3/TLNEJFD/xZJjzyxg3KBWOzw=="
  "resolved" "https://registry.npmjs.org/path-parse/-/path-parse-1.0.6.tgz"
  "version" "1.0.6"

"picocolors@^1.0.0":
  "integrity" "sha512-1fygroTLlHu66zi26VoTDv8yRgm0Fccecssto+MhsZ0D/DGW2sm8E8AjW7NU5VVTRt5GxbeZ5qBuJr+HyLYkjQ=="
  "resolved" "https://registry.npmjs.org/picocolors/-/picocolors-1.0.0.tgz"
  "version" "1.0.0"

"pkg-up@^3.1.0":
  "integrity" "sha512-nDywThFk1i4BQK4twPQ6TA4RT8bDY96yeuCVBWL3ePARCiEKDRSrNGbFIgUJpLp+XeIR65v8ra7WuJOFUBtkMA=="
  "resolved" "https://registry.npmjs.org/pkg-up/-/pkg-up-3.1.0.tgz"
  "version" "3.1.0"
  dependencies:
    "find-up" "^3.0.0"

"postcss@8.4.14":
  "integrity" "sha512-E398TUmfAYFPBSdzgeieK2Y1+1cpdxJx8yXbK/m57nRhKSmk1GB2tO4lbLBtlkfPQTDKfe4Xqv1ASWPpayPEig=="
  "resolved" "https://registry.npmjs.org/postcss/-/postcss-8.4.14.tgz"
  "version" "8.4.14"
  dependencies:
    "nanoid" "^3.3.4"
    "picocolors" "^1.0.0"
    "source-map-js" "^1.0.2"

"process-nextick-args@~2.0.0":
  "integrity" "sha512-3ouUOpQhtgrbOa17J7+uxOTpITYWaGP7/AhoR3+A+/1e9skrzelGi/dXzEYyvbxubEF6Wn2ypscTKiKJFFn1ag=="
  "resolved" "https://registry.npmjs.org/process-nextick-args/-/process-nextick-args-2.0.1.tgz"
  "version" "2.0.1"

"prop-types@^15.6.0", "prop-types@^15.7.2":
  "integrity" "sha512-8QQikdH7//R2vurIJSutZ1smHYTcLpRWEOlHnzcWHmBYrOGUysKwSsrC89BCiFj3CbrfJ/nXFdJepOVrY1GCHQ=="
  "resolved" "https://registry.npmjs.org/prop-types/-/prop-types-15.7.2.tgz"
  "version" "15.7.2"
  dependencies:
    "loose-envify" "^1.4.0"
    "object-assign" "^4.1.1"
    "react-is" "^16.8.1"

"qr.js@0.0.0":
  "integrity" "sha1-ys6GOG9ZoNuAUPqQ2baw6IoeNk8= sha512-c4iYnWb+k2E+vYpRimHqSu575b1/wKl4XFeJGpFmrJQz5I88v9aY2czh7s0w36srfCM1sXgC/xpoJz5dJfq+OQ=="
  "resolved" "https://registry.npmjs.org/qr.js/-/qr.js-0.0.0.tgz"
  "version" "0.0.0"

"qrcode.react@^1.0.0":
  "integrity" "sha512-jBXleohRTwvGBe1ngV+62QvEZ/9IZqQivdwzo9pJM4LQMoCM2VnvNBnKdjvGnKyDZ/l0nCDgsPod19RzlPvm/Q=="
  "resolved" "https://registry.npmjs.org/qrcode.react/-/qrcode.react-1.0.0.tgz"
  "version" "1.0.0"
  dependencies:
    "loose-envify" "^1.4.0"
    "prop-types" "^15.6.0"
    "qr.js" "0.0.0"

"react-dom@^17.0.2 || ^18.0.0-0", "react-dom@^18.2.0", "react-dom@~16":
  "integrity" "sha512-6IMTriUmvsjHUjNtEDudZfuDQUoWXVxKHhlEGSk81n4YFS+r/Kl99wXiwlVXtPBtJenozv2P+hxDsw9eA7Xo6g=="
  "resolved" "https://registry.npmjs.org/react-dom/-/react-dom-18.2.0.tgz"
  "version" "18.2.0"
  dependencies:
    "loose-envify" "^1.1.0"
    "scheduler" "^0.23.0"

"react-is@^16.8.1":
  "integrity" "sha512-aUk3bHfZ2bRSVFFbbeVS4i+lNPZr3/WM5jT2J5omUVV1zzcs1nAaf3l51ctA5FFvCRbhrH0bdAsRRQddFJZPtA=="
  "resolved" "https://registry.npmjs.org/react-is/-/react-is-16.8.6.tgz"
  "version" "16.8.6"

"react-qr-reader@^2.2.1":
  "integrity" "sha512-EL5JEj53u2yAOgtpAKAVBzD/SiKWn0Bl7AZy6ZrSf1lub7xHwtaXe6XSx36Wbhl1VMGmvmrwYMRwO1aSCT2fwA=="
  "resolved" "https://registry.npmjs.org/react-qr-reader/-/react-qr-reader-2.2.1.tgz"
  "version" "2.2.1"
  dependencies:
    "jsqr" "^1.2.0"
    "prop-types" "^15.7.2"
    "webrtc-adapter" "^7.2.1"

"react@^15.5.3 || ^16.0.0", "react@^16.11.0", "react@^16.8.0 || ^17.0.0 || ^18.0.0", "react@^17.0.2 || ^18.0.0-0", "react@^18.2.0", "react@>= 16.8.0 || 17.x.x || ^18.0.0-0", "react@~16":
  "integrity" "sha512-/3IjMdb2L9QbBdWiW5e3P2/npwMBaU9mHCSCUzNln0ZCYbcfTsGbTJrU/kGemdH2IWmB2ioZ+zkxtmq6g09fGQ=="
  "resolved" "https://registry.npmjs.org/react/-/react-18.2.0.tgz"
  "version" "18.2.0"
  dependencies:
    "loose-envify" "^1.1.0"

"readable-stream@~2.3.6":
  "integrity" "sha512-Ebho8K4jIbHAxnuxi7o42OrZgF/ZTNcsZj6nRKyUmkhLFq8CHItp/fy6hQZuZmP/n3yZ9VBUbp4zz/mX8hmYPw=="
  "resolved" "https://registry.npmjs.org/readable-stream/-/readable-stream-2.3.7.tgz"
  "version" "2.3.7"
  dependencies:
    "core-util-is" "~1.0.0"
    "inherits" "~2.0.3"
    "isarray" "~1.0.0"
    "process-nextick-args" "~2.0.0"
    "safe-buffer" "~5.1.1"
    "string_decoder" "~1.1.1"
    "util-deprecate" "~1.0.1"

"regenerator-runtime@^0.13.2":
  "integrity" "sha512-naKIZz2GQ8JWh///G7L3X6LaQUAMp2lvb1rvwwsURe/VXwD6VMfr+/1NuNw3ag8v2kY1aQ/go5SNn79O9JU7yw=="
  "resolved" "https://registry.npmjs.org/regenerator-runtime/-/regenerator-runtime-0.13.3.tgz"
  "version" "0.13.3"

"reselect@^4.0.0":
  "integrity" "sha512-qUgANli03jjAyGlnbYVAV5vvnOmJnODyABz51RdBN7M4WaVu8mecZWgyQNkG8Yqe3KRGRt0l4K4B3XVEULC4CA=="
  "resolved" "https://registry.npmjs.org/reselect/-/reselect-4.0.0.tgz"
  "version" "4.0.0"

"resolve@^1.13.1":
  "integrity" "sha512-EjlOBLBO1kxsUxsKjLt7TAECyKW6fOh1VRkykQkKGzcBbjjPIxBqGh0jf7GJ3k/f5mxMqW3htMD3WdTUVtW8HQ=="
  "resolved" "https://registry.npmjs.org/resolve/-/resolve-1.14.2.tgz"
  "version" "1.14.2"
  dependencies:
    "path-parse" "^1.0.6"

"rtcpeerconnection-shim@^1.2.15":
  "integrity" "sha512-C6DxhXt7bssQ1nHb154lqeL0SXz5Dx4RczXZu2Aa/L1NJFnEVDxFwCBo3fqtuljhHIGceg5JKBV4XJ0gW5JKyw=="
  "resolved" "https://registry.npmjs.org/rtcpeerconnection-shim/-/rtcpeerconnection-shim-1.2.15.tgz"
  "version" "1.2.15"
  dependencies:
    "sdp" "^2.6.0"

"safe-buffer@~5.1.0", "safe-buffer@~5.1.1":
  "integrity" "sha512-Gd2UZBJDkXlY7GbJxfsE8/nvKkUEU1G38c1siN6QP6a9PT9MmHB8GnpscSmMJSoF8LOIrt8ud/wPtojys4G6+g=="
  "resolved" "https://registry.npmjs.org/safe-buffer/-/safe-buffer-5.1.2.tgz"
  "version" "5.1.2"

"scheduler@^0.23.0":
  "integrity" "sha512-CtuThmgHNg7zIZWAXi3AsyIzA3n4xx7aNyjwC2VJldO2LMVDhFK+63xGqq6CsJH4rTAt6/M+N4GhZiDYPx9eUw=="
  "resolved" "https://registry.npmjs.org/scheduler/-/scheduler-0.23.0.tgz"
  "version" "0.23.0"
  dependencies:
    "loose-envify" "^1.1.0"

"sdp@^2.12.0", "sdp@^2.6.0":
  "integrity" "sha512-jhXqQAQVM+8Xj5EjJGVweuEzgtGWb3tmEEpl3CLP3cStInSbVHSg0QWOGQzNq8pSID4JkpeV2mPqlMDLrm0/Vw=="
  "resolved" "https://registry.npmjs.org/sdp/-/sdp-2.12.0.tgz"
  "version" "2.12.0"

"semver@^5.5.0":
  "integrity" "sha512-sauaDf/PZdVgrLTNYHRtpXa1iRiKcaebiKQ1BJdpQlWH2lCvexQdX55snPFyK7QzpudqbCI0qXFfOasHdyNDGQ=="
  "resolved" "https://registry.npmjs.org/semver/-/semver-5.7.1.tgz"
  "version" "5.7.1"

"shebang-command@^1.2.0":
  "integrity" "sha1-RKrGW2lbAzmJaMOfNj/uXer98eo= sha512-EV3L1+UQWGor21OmnvojK36mhg+TyIKDh3iFBKBohr5xeXIhNBcx8oWdgkTEEQ+BEFFYdLRuqMfd5L84N1V5Vg=="
  "resolved" "https://registry.npmjs.org/shebang-command/-/shebang-command-1.2.0.tgz"
  "version" "1.2.0"
  dependencies:
    "shebang-regex" "^1.0.0"

"shebang-regex@^1.0.0":
  "integrity" "sha1-2kL0l0DAtC2yypcoVxyxkMmO/qM= sha512-wpoSFAxys6b2a2wHZ1XpDSgD7N9iVjg29Ph9uV/uaP9Ex/KXlkTZTeddxDPSYQpgvzKLGJke2UU0AzoGCjNIvQ=="
  "resolved" "https://registry.npmjs.org/shebang-regex/-/shebang-regex-1.0.0.tgz"
  "version" "1.0.0"

"shortid@^2.2.15":
  "integrity" "sha512-5EaCy2mx2Jgc/Fdn9uuDuNIIfWBpzY4XIlhoqtXF6qsf+/+SGZ+FxDdX/ZsMZiWupIWNqAEmiNY4RC+LSmCeOw=="
  "resolved" "https://registry.npmjs.org/shortid/-/shortid-2.2.15.tgz"
  "version" "2.2.15"
  dependencies:
    "nanoid" "^2.1.0"

"source-map-js@^1.0.2":
  "integrity" "sha512-R0XvVJ9WusLiqTCEiGCmICCMplcCkIwwR11mOSD9CR5u+IXYdiseeEuXCVAjS54zqwkLcPNnmU4OeJ6tUrWhDw=="
  "resolved" "https://registry.npmjs.org/source-map-js/-/source-map-js-1.0.2.tgz"
  "version" "1.0.2"

"split2@^2.1.0":
  "integrity" "sha512-RAb22TG39LhI31MbreBgIuKiIKhVsawfTgEGqKHTK87aG+ul/PB8Sqoi3I7kVdRWiCfrKxK3uo4/YUkpNvhPbw=="
  "resolved" "https://registry.npmjs.org/split2/-/split2-2.2.0.tgz"
  "version" "2.2.0"
  dependencies:
    "through2" "^2.0.2"

"string_decoder@~1.1.1":
  "integrity" "sha512-n/ShnvDi6FHbbVfviro+WojiFzv+s8MPMHBczVePfUpDJLwoLT0ht1l4YwBCbi8pJAveEEdnkHyPyTP/mzRfwg=="
  "resolved" "https://registry.npmjs.org/string_decoder/-/string_decoder-1.1.1.tgz"
  "version" "1.1.1"
  dependencies:
    "safe-buffer" "~5.1.0"

"styled-jsx@5.0.6":
  "integrity" "sha512-xOeROtkK5MGMDimBQ3J6iPId8q0t/BDoG5XN6oKkZClVz9ISF/hihN8OCn2LggMU6N32aXnrXBdn3auSqNS9fA=="
  "resolved" "https://registry.npmjs.org/styled-jsx/-/styled-jsx-5.0.6.tgz"
  "version" "5.0.6"

"swr@^0.1.16":
  "integrity" "sha512-E+i0pJOCCPRxnwQMFKf3RYr4os+B4swNuwnHo+pBCNxwfuJiN0ZalwP9u4OqjoeMl9eZFgcQYUPHD8KVyTqM1g=="
  "resolved" "https://registry.npmjs.org/swr/-/swr-0.1.16.tgz"
  "version" "0.1.16"
  dependencies:
    "fast-deep-equal" "2.0.1"

"through2@^2.0.2", "through2@^2.0.3":
  "integrity" "sha512-/mrRod8xqpA+IHSLyGCQ2s8SPHiCDEeQJSep1jqLYeEUClOFG2Qsh+4FU6G9VeqpZnGW/Su8LQGc4YKni5rYSQ=="
  "resolved" "https://registry.npmjs.org/through2/-/through2-2.0.5.tgz"
  "version" "2.0.5"
  dependencies:
    "readable-stream" "~2.3.6"
    "xtend" "~4.0.1"

"timezones-ical-library@^1.2.1":
  "integrity" "sha512-kc0ee/DJ0e+GPV+KDzYlOHvkIkakO+vcCIVhEhsRV7OYjinR4n+ry66xi4rf5gRmYXEqW754xJyjpCtnRyh41Q=="
  "resolved" "https://registry.npmjs.org/timezones-ical-library/-/timezones-ical-library-1.2.1.tgz"
  "version" "1.2.1"

"to-fast-properties@^2.0.0":
  "integrity" "sha1-3F5pjL0HkmW8c+A3doGk5Og/YW4= sha512-/OaKK0xYrs3DmxRYqL/yDc+FxFUVYhDlXMhRmv3z915w2HF1tnN1omB354j8VUGO/hbRzyD6Y3sA7v7GS/ceog=="
  "resolved" "https://registry.npmjs.org/to-fast-properties/-/to-fast-properties-2.0.0.tgz"
  "version" "2.0.0"

"tslib@^2.4.0":
  "integrity" "sha512-d6xOpEDfsi2CZVlPQzGeux8XMwLT9hssAsaPYExaQMuYskwb+x1x7J371tWlbBdWHroy99KnVB6qIkUbs5X3UQ=="
  "resolved" "https://registry.npmjs.org/tslib/-/tslib-2.4.0.tgz"
  "version" "2.4.0"

"use-sync-external-store@1.2.0":
  "integrity" "sha512-eEgnFxGQ1Ife9bzYs6VLi8/4X6CObHMw9Qr9tPY43iKwsPw8xE8+EFsf/2cFZ5S3esXgpWgtSCtLNS41F+sKPA=="
  "resolved" "https://registry.npmjs.org/use-sync-external-store/-/use-sync-external-store-1.2.0.tgz"
  "version" "1.2.0"

"util-deprecate@~1.0.1":
  "integrity" "sha1-RQ1Nyfpw3nMnYvvS1KKJgUGaDM8= sha512-EPD5q1uXyFxJpCrLnCc1nHnq3gOa6DZBocAIiI2TaSCA7VCJ1UJDMagCzIkXNsUYfD1daK//LTEQ8xiIbrHtcw=="
  "resolved" "https://registry.npmjs.org/util-deprecate/-/util-deprecate-1.0.2.tgz"
  "version" "1.0.2"

"webrtc-adapter@^7.2.1":
  "integrity" "sha512-YeflMTsqnQ6/7satrJzjzN9RjpkDDsEdoRuEkIhk+oOmWgDL1ocdWhZ1lPdB21ZXXY/AmEih4cHgKoW3SYw20A=="
  "resolved" "https://registry.npmjs.org/webrtc-adapter/-/webrtc-adapter-7.4.0.tgz"
  "version" "7.4.0"
  dependencies:
    "rtcpeerconnection-shim" "^1.2.15"
    "sdp" "^2.12.0"

"which@^1.2.9":
  "integrity" "sha512-HxJdYWq1MTIQbJ3nw0cqssHoTNU267KlrDuGZ1WYlxDStUtKUhOaJmh112/TZmHxxUfuJqPXSOm7tDyas0OSIQ=="
  "resolved" "https://registry.npmjs.org/which/-/which-1.3.1.tgz"
  "version" "1.3.1"
  dependencies:
    "isexe" "^2.0.0"

"wrappy@1":
  "integrity" "sha1-tSQ9jz7BqjXxNkYFvA0QNuMKtp8= sha512-l4Sp/DRseor9wL6EvV2+TuQn63dMkPjZ/sp9XkghTEbV9KlPS1xUsZ3u7/IQO4wxtcFB4bgpQPRcR3QCvezPcQ=="
  "resolved" "https://registry.npmjs.org/wrappy/-/wrappy-1.0.2.tgz"
  "version" "1.0.2"

"xtend@~4.0.1":
  "integrity" "sha512-LKYU1iAXJXUgAXn9URjiu+MWhyUXHsvfp7mcuYm9dSUKK0/CjtrUwFAxD82/mCWbtLsGjFIad0wIsod4zrTAEQ=="
  "resolved" "https://registry.npmjs.org/xtend/-/xtend-4.0.2.tgz"
  "version" "4.0.2"
